
Microsoft Visual Studio Solution File, Format Version 12.00
# Visual Studio Version 16
VisualStudioVersion = 16.0.28407.52
MinimumVisualStudioVersion = 10.0.40219.1
Project("{FAE04EC0-301F-11D3-BF4B-00C04F79EFBC}") = "HandyApp.Android", "HandyApp\HandyApp.Android\HandyApp.Android.csproj", "{FE9A2F9D-0B3B-4A6F-A1A2-C5E0D766EFBC}"
EndProject
Project("{FAE04EC0-301F-11D3-BF4B-00C04F79EFBC}") = "HandyApp.iOS", "HandyApp\HandyApp.iOS\HandyApp.iOS.csproj", "{26BCA0ED-1BA4-46E1-B594-F0FBB692EF8F}"
EndProject
Project("{9A19103F-16F7-4668-BE54-9A1E7A4F7556}") = "HandyApp", "HandyApp\HandyApp\HandyApp.csproj", "{26DB3914-2DDB-4C85-A9B9-B8913A33D69B}"
EndProject
Project("{FAE04EC0-301F-11D3-BF4B-00C04F79EFBC}") = "HandyFunction", "HandyFunction\HandyFunction.csproj", "{842FCFA8-99D9-475A-872A-1C77A5B3D39B}"
EndProject
Global
	GlobalSection(SolutionConfigurationPlatforms) = preSolution
		Ad-Hoc|Any CPU = Ad-Hoc|Any CPU
		Ad-Hoc|iPhone = Ad-Hoc|iPhone
		Ad-Hoc|iPhoneSimulator = Ad-Hoc|iPhoneSimulator
		AppStore|Any CPU = AppStore|Any CPU
		AppStore|iPhone = AppStore|iPhone
		AppStore|iPhoneSimulator = AppStore|iPhoneSimulator
		Debug|Any CPU = Debug|Any CPU
		Debug|iPhone = Debug|iPhone
		Debug|iPhoneSimulator = Debug|iPhoneSimulator
		Release|Any CPU = Release|Any CPU
		Release|iPhone = Release|iPhone
		Release|iPhoneSimulator = Release|iPhoneSimulator
	EndGlobalSection
	GlobalSection(ProjectConfigurationPlatforms) = postSolution
		{FE9A2F9D-0B3B-4A6F-A1A2-C5E0D766EFBC}.Ad-Hoc|Any CPU.ActiveCfg = Release|Any CPU
		{FE9A2F9D-0B3B-4A6F-A1A2-C5E0D766EFBC}.Ad-Hoc|Any CPU.Build.0 = Release|Any CPU
		{FE9A2F9D-0B3B-4A6F-A1A2-C5E0D766EFBC}.Ad-Hoc|Any CPU.Deploy.0 = Release|Any CPU
		{FE9A2F9D-0B3B-4A6F-A1A2-C5E0D766EFBC}.Ad-Hoc|iPhone.ActiveCfg = Release|Any CPU
		{FE9A2F9D-0B3B-4A6F-A1A2-C5E0D766EFBC}.Ad-Hoc|iPhone.Build.0 = Release|Any CPU
		{FE9A2F9D-0B3B-4A6F-A1A2-C5E0D766EFBC}.Ad-Hoc|iPhone.Deploy.0 = Release|Any CPU
		{FE9A2F9D-0B3B-4A6F-A1A2-C5E0D766EFBC}.Ad-Hoc|iPhoneSimulator.ActiveCfg = Release|Any CPU
		{FE9A2F9D-0B3B-4A6F-A1A2-C5E0D766EFBC}.Ad-Hoc|iPhoneSimulator.Build.0 = Release|Any CPU
		{FE9A2F9D-0B3B-4A6F-A1A2-C5E0D766EFBC}.Ad-Hoc|iPhoneSimulator.Deploy.0 = Release|Any CPU
		{FE9A2F9D-0B3B-4A6F-A1A2-C5E0D766EFBC}.AppStore|Any CPU.ActiveCfg = Release|Any CPU
		{FE9A2F9D-0B3B-4A6F-A1A2-C5E0D766EFBC}.AppStore|Any CPU.Build.0 = Release|Any CPU
		{FE9A2F9D-0B3B-4A6F-A1A2-C5E0D766EFBC}.AppStore|Any CPU.Deploy.0 = Release|Any CPU
		{FE9A2F9D-0B3B-4A6F-A1A2-C5E0D766EFBC}.AppStore|iPhone.ActiveCfg = Release|Any CPU
		{FE9A2F9D-0B3B-4A6F-A1A2-C5E0D766EFBC}.AppStore|iPhone.Build.0 = Release|Any CPU
		{FE9A2F9D-0B3B-4A6F-A1A2-C5E0D766EFBC}.AppStore|iPhone.Deploy.0 = Release|Any CPU
		{FE9A2F9D-0B3B-4A6F-A1A2-C5E0D766EFBC}.AppStore|iPhoneSimulator.ActiveCfg = Release|Any CPU
		{FE9A2F9D-0B3B-4A6F-A1A2-C5E0D766EFBC}.AppStore|iPhoneSimulator.Build.0 = Release|Any CPU
		{FE9A2F9D-0B3B-4A6F-A1A2-C5E0D766EFBC}.AppStore|iPhoneSimulator.Deploy.0 = Release|Any CPU
		{FE9A2F9D-0B3B-4A6F-A1A2-C5E0D766EFBC}.Debug|Any CPU.ActiveCfg = Debug|Any CPU
		{FE9A2F9D-0B3B-4A6F-A1A2-C5E0D766EFBC}.Debug|Any CPU.Build.0 = Debug|Any CPU
		{FE9A2F9D-0B3B-4A6F-A1A2-C5E0D766EFBC}.Debug|Any CPU.Deploy.0 = Debug|Any CPU
		{FE9A2F9D-0B3B-4A6F-A1A2-C5E0D766EFBC}.Debug|iPhone.ActiveCfg = Debug|Any CPU
		{FE9A2F9D-0B3B-4A6F-A1A2-C5E0D766EFBC}.Debug|iPhone.Build.0 = Debug|Any CPU
		{FE9A2F9D-0B3B-4A6F-A1A2-C5E0D766EFBC}.Debug|iPhone.Deploy.0 = Debug|Any CPU
		{FE9A2F9D-0B3B-4A6F-A1A2-C5E0D766EFBC}.Debug|iPhoneSimulator.ActiveCfg = Debug|Any CPU
		{FE9A2F9D-0B3B-4A6F-A1A2-C5E0D766EFBC}.Debug|iPhoneSimulator.Build.0 = Debug|Any CPU
		{FE9A2F9D-0B3B-4A6F-A1A2-C5E0D766EFBC}.Debug|iPhoneSimulator.Deploy.0 = Debug|Any CPU
		{FE9A2F9D-0B3B-4A6F-A1A2-C5E0D766EFBC}.Release|Any CPU.ActiveCfg = Release|Any CPU
		{FE9A2F9D-0B3B-4A6F-A1A2-C5E0D766EFBC}.Release|Any CPU.Build.0 = Release|Any CPU
		{FE9A2F9D-0B3B-4A6F-A1A2-C5E0D766EFBC}.Release|Any CPU.Deploy.0 = Release|Any CPU
		{FE9A2F9D-0B3B-4A6F-A1A2-C5E0D766EFBC}.Release|iPhone.ActiveCfg = Release|Any CPU
		{FE9A2F9D-0B3B-4A6F-A1A2-C5E0D766EFBC}.Release|iPhone.Build.0 = Release|Any CPU
		{FE9A2F9D-0B3B-4A6F-A1A2-C5E0D766EFBC}.Release|iPhone.Deploy.0 = Release|Any CPU
		{FE9A2F9D-0B3B-4A6F-A1A2-C5E0D766EFBC}.Release|iPhoneSimulator.ActiveCfg = Release|Any CPU
		{FE9A2F9D-0B3B-4A6F-A1A2-C5E0D766EFBC}.Release|iPhoneSimulator.Build.0 = Release|Any CPU
		{FE9A2F9D-0B3B-4A6F-A1A2-C5E0D766EFBC}.Release|iPhoneSimulator.Deploy.0 = Release|Any CPU
		{26BCA0ED-1BA4-46E1-B594-F0FBB692EF8F}.Ad-Hoc|Any CPU.ActiveCfg = Ad-Hoc|iPhone
		{26BCA0ED-1BA4-46E1-B594-F0FBB692EF8F}.Ad-Hoc|Any CPU.Build.0 = Ad-Hoc|iPhone
		{26BCA0ED-1BA4-46E1-B594-F0FBB692EF8F}.Ad-Hoc|Any CPU.Deploy.0 = Ad-Hoc|iPhone
		{26BCA0ED-1BA4-46E1-B594-F0FBB692EF8F}.Ad-Hoc|iPhone.ActiveCfg = Ad-Hoc|iPhone
		{26BCA0ED-1BA4-46E1-B594-F0FBB692EF8F}.Ad-Hoc|iPhone.Build.0 = Ad-Hoc|iPhone
		{26BCA0ED-1BA4-46E1-B594-F0FBB692EF8F}.Ad-Hoc|iPhone.Deploy.0 = Ad-Hoc|iPhone
		{26BCA0ED-1BA4-46E1-B594-F0FBB692EF8F}.Ad-Hoc|iPhoneSimulator.ActiveCfg = Ad-Hoc|iPhoneSimulator
		{26BCA0ED-1BA4-46E1-B594-F0FBB692EF8F}.Ad-Hoc|iPhoneSimulator.Build.0 = Ad-Hoc|iPhoneSimulator
		{26BCA0ED-1BA4-46E1-B594-F0FBB692EF8F}.Ad-Hoc|iPhoneSimulator.Deploy.0 = Ad-Hoc|iPhoneSimulator
		{26BCA0ED-1BA4-46E1-B594-F0FBB692EF8F}.AppStore|Any CPU.ActiveCfg = AppStore|iPhone
		{26BCA0ED-1BA4-46E1-B594-F0FBB692EF8F}.AppStore|Any CPU.Build.0 = AppStore|iPhone
		{26BCA0ED-1BA4-46E1-B594-F0FBB692EF8F}.AppStore|Any CPU.Deploy.0 = AppStore|iPhone
		{26BCA0ED-1BA4-46E1-B594-F0FBB692EF8F}.AppStore|iPhone.ActiveCfg = AppStore|iPhone
		{26BCA0ED-1BA4-46E1-B594-F0FBB692EF8F}.AppStore|iPhone.Build.0 = AppStore|iPhone
		{26BCA0ED-1BA4-46E1-B594-F0FBB692EF8F}.AppStore|iPhone.Deploy.0 = AppStore|iPhone
		{26BCA0ED-1BA4-46E1-B594-F0FBB692EF8F}.AppStore|iPhoneSimulator.ActiveCfg = AppStore|iPhoneSimulator
		{26BCA0ED-1BA4-46E1-B594-F0FBB692EF8F}.AppStore|iPhoneSimulator.Build.0 = AppStore|iPhoneSimulator
		{26BCA0ED-1BA4-46E1-B594-F0FBB692EF8F}.AppStore|iPhoneSimulator.Deploy.0 = AppStore|iPhoneSimulator
		{26BCA0ED-1BA4-46E1-B594-F0FBB692EF8F}.Debug|Any CPU.ActiveCfg = Debug|iPhoneSimulator
		{26BCA0ED-1BA4-46E1-B594-F0FBB692EF8F}.Debug|Any CPU.Build.0 = Debug|iPhoneSimulator
		{26BCA0ED-1BA4-46E1-B594-F0FBB692EF8F}.Debug|Any CPU.Deploy.0 = Debug|iPhoneSimulator
		{26BCA0ED-1BA4-46E1-B594-F0FBB692EF8F}.Debug|iPhone.ActiveCfg = Debug|iPhone
		{26BCA0ED-1BA4-46E1-B594-F0FBB692EF8F}.Debug|iPhone.Build.0 = Debug|iPhone
		{26BCA0ED-1BA4-46E1-B594-F0FBB692EF8F}.Debug|iPhone.Deploy.0 = Debug|iPhone
		{26BCA0ED-1BA4-46E1-B594-F0FBB692EF8F}.Debug|iPhoneSimulator.ActiveCfg = Debug|iPhoneSimulator
		{26BCA0ED-1BA4-46E1-B594-F0FBB692EF8F}.Debug|iPhoneSimulator.Build.0 = Debug|iPhoneSimulator
		{26BCA0ED-1BA4-46E1-B594-F0FBB692EF8F}.Debug|iPhoneSimulator.Deploy.0 = Debug|iPhoneSimulator
		{26BCA0ED-1BA4-46E1-B594-F0FBB692EF8F}.Release|Any CPU.ActiveCfg = Release|iPhone
		{26BCA0ED-1BA4-46E1-B594-F0FBB692EF8F}.Release|Any CPU.Build.0 = Release|iPhone
		{26BCA0ED-1BA4-46E1-B594-F0FBB692EF8F}.Release|Any CPU.Deploy.0 = Release|iPhone
		{26BCA0ED-1BA4-46E1-B594-F0FBB692EF8F}.Release|iPhone.ActiveCfg = Release|iPhone
		{26BCA0ED-1BA4-46E1-B594-F0FBB692EF8F}.Release|iPhone.Build.0 = Release|iPhone
		{26BCA0ED-1BA4-46E1-B594-F0FBB692EF8F}.Release|iPhone.Deploy.0 = Release|iPhone
		{26BCA0ED-1BA4-46E1-B594-F0FBB692EF8F}.Release|iPhoneSimulator.ActiveCfg = Release|iPhoneSimulator
		{26BCA0ED-1BA4-46E1-B594-F0FBB692EF8F}.Release|iPhoneSimulator.Build.0 = Release|iPhoneSimulator
		{26BCA0ED-1BA4-46E1-B594-F0FBB692EF8F}.Release|iPhoneSimulator.Deploy.0 = Release|iPhoneSimulator
		{26DB3914-2DDB-4C85-A9B9-B8913A33D69B}.Ad-Hoc|Any CPU.ActiveCfg = Debug|Any CPU
		{26DB3914-2DDB-4C85-A9B9-B8913A33D69B}.Ad-Hoc|Any CPU.Build.0 = Debug|Any CPU
		{26DB3914-2DDB-4C85-A9B9-B8913A33D69B}.Ad-Hoc|Any CPU.Deploy.0 = Debug|Any CPU
		{26DB3914-2DDB-4C85-A9B9-B8913A33D69B}.Ad-Hoc|iPhone.ActiveCfg = Debug|Any CPU
		{26DB3914-2DDB-4C85-A9B9-B8913A33D69B}.Ad-Hoc|iPhone.Build.0 = Debug|Any CPU
		{26DB3914-2DDB-4C85-A9B9-B8913A33D69B}.Ad-Hoc|iPhone.Deploy.0 = Debug|Any CPU
		{26DB3914-2DDB-4C85-A9B9-B8913A33D69B}.Ad-Hoc|iPhoneSimulator.ActiveCfg = Debug|Any CPU
		{26DB3914-2DDB-4C85-A9B9-B8913A33D69B}.Ad-Hoc|iPhoneSimulator.Build.0 = Debug|Any CPU
		{26DB3914-2DDB-4C85-A9B9-B8913A33D69B}.Ad-Hoc|iPhoneSimulator.Deploy.0 = Debug|Any CPU
		{26DB3914-2DDB-4C85-A9B9-B8913A33D69B}.AppStore|Any CPU.ActiveCfg = Debug|Any CPU
		{26DB3914-2DDB-4C85-A9B9-B8913A33D69B}.AppStore|Any CPU.Build.0 = Debug|Any CPU
		{26DB3914-2DDB-4C85-A9B9-B8913A33D69B}.AppStore|Any CPU.Deploy.0 = Debug|Any CPU
		{26DB3914-2DDB-4C85-A9B9-B8913A33D69B}.AppStore|iPhone.ActiveCfg = Debug|Any CPU
		{26DB3914-2DDB-4C85-A9B9-B8913A33D69B}.AppStore|iPhone.Build.0 = Debug|Any CPU
		{26DB3914-2DDB-4C85-A9B9-B8913A33D69B}.AppStore|iPhone.Deploy.0 = Debug|Any CPU
		{26DB3914-2DDB-4C85-A9B9-B8913A33D69B}.AppStore|iPhoneSimulator.ActiveCfg = Debug|Any CPU
		{26DB3914-2DDB-4C85-A9B9-B8913A33D69B}.AppStore|iPhoneSimulator.Build.0 = Debug|Any CPU
		{26DB3914-2DDB-4C85-A9B9-B8913A33D69B}.AppStore|iPhoneSimulator.Deploy.0 = Debug|Any CPU
		{26DB3914-2DDB-4C85-A9B9-B8913A33D69B}.Debug|Any CPU.ActiveCfg = Debug|Any CPU
		{26DB3914-2DDB-4C85-A9B9-B8913A33D69B}.Debug|Any CPU.Build.0 = Debug|Any CPU
		{26DB3914-2DDB-4C85-A9B9-B8913A33D69B}.Debug|Any CPU.Deploy.0 = Debug|Any CPU
		{26DB3914-2DDB-4C85-A9B9-B8913A33D69B}.Debug|iPhone.ActiveCfg = Debug|Any CPU
		{26DB3914-2DDB-4C85-A9B9-B8913A33D69B}.Debug|iPhone.Build.0 = Debug|Any CPU
		{26DB3914-2DDB-4C85-A9B9-B8913A33D69B}.Debug|iPhone.Deploy.0 = Debug|Any CPU
		{26DB3914-2DDB-4C85-A9B9-B8913A33D69B}.Debug|iPhoneSimulator.ActiveCfg = Debug|Any CPU
		{26DB3914-2DDB-4C85-A9B9-B8913A33D69B}.Debug|iPhoneSimulator.Build.0 = Debug|Any CPU
		{26DB3914-2DDB-4C85-A9B9-B8913A33D69B}.Debug|iPhoneSimulator.Deploy.0 = Debug|Any CPU
		{26DB3914-2DDB-4C85-A9B9-B8913A33D69B}.Release|Any CPU.ActiveCfg = Release|Any CPU
		{26DB3914-2DDB-4C85-A9B9-B8913A33D69B}.Release|Any CPU.Build.0 = Release|Any CPU
		{26DB3914-2DDB-4C85-A9B9-B8913A33D69B}.Release|Any CPU.Deploy.0 = Release|Any CPU
		{26DB3914-2DDB-4C85-A9B9-B8913A33D69B}.Release|iPhone.ActiveCfg = Release|Any CPU
		{26DB3914-2DDB-4C85-A9B9-B8913A33D69B}.Release|iPhone.Build.0 = Release|Any CPU
		{26DB3914-2DDB-4C85-A9B9-B8913A33D69B}.Release|iPhone.Deploy.0 = Release|Any CPU
		{26DB3914-2DDB-4C85-A9B9-B8913A33D69B}.Release|iPhoneSimulator.ActiveCfg = Release|Any CPU
		{26DB3914-2DDB-4C85-A9B9-B8913A33D69B}.Release|iPhoneSimulator.Build.0 = Release|Any CPU
		{26DB3914-2DDB-4C85-A9B9-B8913A33D69B}.Release|iPhoneSimulator.Deploy.0 = Release|Any CPU
		{842FCFA8-99D9-475A-872A-1C77A5B3D39B}.Ad-Hoc|Any CPU.ActiveCfg = Debug|Any CPU
		{842FCFA8-99D9-475A-872A-1C77A5B3D39B}.Ad-Hoc|Any CPU.Build.0 = Debug|Any CPU
		{842FCFA8-99D9-475A-872A-1C77A5B3D39B}.Ad-Hoc|iPhone.ActiveCfg = Debug|Any CPU
		{842FCFA8-99D9-475A-872A-1C77A5B3D39B}.Ad-Hoc|iPhone.Build.0 = Debug|Any CPU
		{842FCFA8-99D9-475A-872A-1C77A5B3D39B}.Ad-Hoc|iPhoneSimulator.ActiveCfg = Debug|Any CPU
		{842FCFA8-99D9-475A-872A-1C77A5B3D39B}.Ad-Hoc|iPhoneSimulator.Build.0 = Debug|Any CPU
		{842FCFA8-99D9-475A-872A-1C77A5B3D39B}.AppStore|Any CPU.ActiveCfg = Debug|Any CPU
		{842FCFA8-99D9-475A-872A-1C77A5B3D39B}.AppStore|Any CPU.Build.0 = Debug|Any CPU
		{842FCFA8-99D9-475A-872A-1C77A5B3D39B}.AppStore|iPhone.ActiveCfg = Debug|Any CPU
		{842FCFA8-99D9-475A-872A-1C77A5B3D39B}.AppStore|iPhone.Build.0 = Debug|Any CPU
		{842FCFA8-99D9-475A-872A-1C77A5B3D39B}.AppStore|iPhoneSimulator.ActiveCfg = Debug|Any CPU
		{842FCFA8-99D9-475A-872A-1C77A5B3D39B}.AppStore|iPhoneSimulator.Build.0 = Debug|Any CPU
		{842FCFA8-99D9-475A-872A-1C77A5B3D39B}.Debug|Any CPU.ActiveCfg = Debug|Any CPU
		{842FCFA8-99D9-475A-872A-1C77A5B3D39B}.Debug|Any CPU.Build.0 = Debug|Any CPU
		{842FCFA8-99D9-475A-872A-1C77A5B3D39B}.Debug|iPhone.ActiveCfg = Debug|Any CPU
		{842FCFA8-99D9-475A-872A-1C77A5B3D39B}.Debug|iPhone.Build.0 = Debug|Any CPU
		{842FCFA8-99D9-475A-872A-1C77A5B3D39B}.Debug|iPhoneSimulator.ActiveCfg = Debug|Any CPU
		{842FCFA8-99D9-475A-872A-1C77A5B3D39B}.Debug|iPhoneSimulator.Build.0 = Debug|Any CPU
		{842FCFA8-99D9-475A-872A-1C77A5B3D39B}.Release|Any CPU.ActiveCfg = Release|Any CPU
		{842FCFA8-99D9-475A-872A-1C77A5B3D39B}.Release|Any CPU.Build.0 = Release|Any CPU
		{842FCFA8-99D9-475A-872A-1C77A5B3D39B}.Release|iPhone.ActiveCfg = Release|Any CPU
		{842FCFA8-99D9-475A-872A-1C77A5B3D39B}.Release|iPhone.Build.0 = Release|Any CPU
		{842FCFA8-99D9-475A-872A-1C77A5B3D39B}.Release|iPhoneSimulator.ActiveCfg = Release|Any CPU
		{842FCFA8-99D9-475A-872A-1C77A5B3D39B}.Release|iPhoneSimulator.Build.0 = Release|Any CPU
	EndGlobalSection
	GlobalSection(SolutionProperties) = preSolution
		HideSolutionNode = FALSE
	EndGlobalSection
	GlobalSection(ExtensibilityGlobals) = postSolution
		SolutionGuid = {97530361-1964-4455-8FC0-3EC33B334611}
	EndGlobalSection
EndGlobal
